
Microsoft Visual Studio Solution File, Format Version 12.00
# Visual Studio Version 16
VisualStudioVersion = 16.0.31911.196
MinimumVisualStudioVersion = 10.0.40219.1
Project("{FAE04EC0-301F-11D3-BF4B-00C04F79EFBC}") = "EditorTutorial.Android", "EditorTutorial\EditorTutorial.Android\EditorTutorial.Android.csproj", "{B2EBE191-D909-4CBB-A0F4-9853CD0941F1}"
EndProject
Project("{FAE04EC0-301F-11D3-BF4B-00C04F79EFBC}") = "EditorTutorial.iOS", "EditorTutorial\EditorTutorial.iOS\EditorTutorial.iOS.csproj", "{734AF57F-BCC2-4DB2-9D8C-186D6C8B1CF5}"
EndProject
Project("{FAE04EC0-301F-11D3-BF4B-00C04F79EFBC}") = "EditorTutorial", "EditorTutorial\EditorTutorial\EditorTutorial.csproj", "{9A71B0FF-5451-4F1B-8D45-E0005E55E3DC}"
EndProject
Global
	GlobalSection(SolutionConfigurationPlatforms) = preSolution
		Debug|Any CPU = Debug|Any CPU
		Debug|iPhone = Debug|iPhone
		Debug|iPhoneSimulator = Debug|iPhoneSimulator
		Release|Any CPU = Release|Any CPU
		Release|iPhone = Release|iPhone
		Release|iPhoneSimulator = Release|iPhoneSimulator
	EndGlobalSection
	GlobalSection(ProjectConfigurationPlatforms) = postSolution
		{B2EBE191-D909-4CBB-A0F4-9853CD0941F1}.Debug|Any CPU.ActiveCfg = Debug|Any CPU
		{B2EBE191-D909-4CBB-A0F4-9853CD0941F1}.Debug|Any CPU.Build.0 = Debug|Any CPU
		{B2EBE191-D909-4CBB-A0F4-9853CD0941F1}.Debug|Any CPU.Deploy.0 = Debug|Any CPU
		{B2EBE191-D909-4CBB-A0F4-9853CD0941F1}.Debug|iPhone.ActiveCfg = Debug|Any CPU
		{B2EBE191-D909-4CBB-A0F4-9853CD0941F1}.Debug|iPhone.Build.0 = Debug|Any CPU
		{B2EBE191-D909-4CBB-A0F4-9853CD0941F1}.Debug|iPhone.Deploy.0 = Debug|Any CPU
		{B2EBE191-D909-4CBB-A0F4-9853CD0941F1}.Debug|iPhoneSimulator.ActiveCfg = Debug|Any CPU
		{B2EBE191-D909-4CBB-A0F4-9853CD0941F1}.Debug|iPhoneSimulator.Build.0 = Debug|Any CPU
		{B2EBE191-D909-4CBB-A0F4-9853CD0941F1}.Debug|iPhoneSimulator.Deploy.0 = Debug|Any CPU
		{B2EBE191-D909-4CBB-A0F4-9853CD0941F1}.Release|Any CPU.ActiveCfg = Release|Any CPU
		{B2EBE191-D909-4CBB-A0F4-9853CD0941F1}.Release|Any CPU.Build.0 = Release|Any CPU
		{B2EBE191-D909-4CBB-A0F4-9853CD0941F1}.Release|Any CPU.Deploy.0 = Release|Any CPU
		{B2EBE191-D909-4CBB-A0F4-9853CD0941F1}.Release|iPhone.ActiveCfg = Release|Any CPU
		{B2EBE191-D909-4CBB-A0F4-9853CD0941F1}.Release|iPhone.Build.0 = Release|Any CPU
		{B2EBE191-D909-4CBB-A0F4-9853CD0941F1}.Release|iPhone.Deploy.0 = Release|Any CPU
		{B2EBE191-D909-4CBB-A0F4-9853CD0941F1}.Release|iPhoneSimulator.ActiveCfg = Release|Any CPU
		{B2EBE191-D909-4CBB-A0F4-9853CD0941F1}.Release|iPhoneSimulator.Build.0 = Release|Any CPU
		{B2EBE191-D909-4CBB-A0F4-9853CD0941F1}.Release|iPhoneSimulator.Deploy.0 = Release|Any CPU
		{734AF57F-BCC2-4DB2-9D8C-186D6C8B1CF5}.Debug|Any CPU.ActiveCfg = Debug|iPhone
		{734AF57F-BCC2-4DB2-9D8C-186D6C8B1CF5}.Debug|Any CPU.Build.0 = Debug|iPhone
		{734AF57F-BCC2-4DB2-9D8C-186D6C8B1CF5}.Debug|Any CPU.Deploy.0 = Debug|iPhone
		{734AF57F-BCC2-4DB2-9D8C-186D6C8B1CF5}.Debug|iPhone.ActiveCfg = Debug|iPhone
		{734AF57F-BCC2-4DB2-9D8C-186D6C8B1CF5}.Debug|iPhone.Build.0 = Debug|iPhone
		{734AF57F-BCC2-4DB2-9D8C-186D6C8B1CF5}.Debug|iPhone.Deploy.0 = Debug|iPhone
		{734AF57F-BCC2-4DB2-9D8C-186D6C8B1CF5}.Debug|iPhoneSimulator.ActiveCfg = Debug|iPhoneSimulator
		{734AF57F-BCC2-4DB2-9D8C-186D6C8B1CF5}.Debug|iPhoneSimulator.Build.0 = Debug|iPhoneSimulator
		{734AF57F-BCC2-4DB2-9D8C-186D6C8B1CF5}.Debug|iPhoneSimulator.Deploy.0 = Debug|iPhoneSimulator
		{734AF57F-BCC2-4DB2-9D8C-186D6C8B1CF5}.Release|Any CPU.ActiveCfg = Release|iPhoneSimulator
		{734AF57F-BCC2-4DB2-9D8C-186D6C8B1CF5}.Release|Any CPU.Build.0 = Release|iPhoneSimulator
		{734AF57F-BCC2-4DB2-9D8C-186D6C8B1CF5}.Release|Any CPU.Deploy.0 = Release|iPhoneSimulator
		{734AF57F-BCC2-4DB2-9D8C-186D6C8B1CF5}.Release|iPhone.ActiveCfg = Release|iPhone
		{734AF57F-BCC2-4DB2-9D8C-186D6C8B1CF5}.Release|iPhone.Build.0 = Release|iPhone
		{734AF57F-BCC2-4DB2-9D8C-186D6C8B1CF5}.Release|iPhone.Deploy.0 = Release|iPhone
		{734AF57F-BCC2-4DB2-9D8C-186D6C8B1CF5}.Release|iPhoneSimulator.ActiveCfg = Release|iPhoneSimulator
		{734AF57F-BCC2-4DB2-9D8C-186D6C8B1CF5}.Release|iPhoneSimulator.Build.0 = Release|iPhoneSimulator
		{734AF57F-BCC2-4DB2-9D8C-186D6C8B1CF5}.Release|iPhoneSimulator.Deploy.0 = Release|iPhoneSimulator
		{9A71B0FF-5451-4F1B-8D45-E0005E55E3DC}.Debug|Any CPU.ActiveCfg = Debug|Any CPU
		{9A71B0FF-5451-4F1B-8D45-E0005E55E3DC}.Debug|Any CPU.Build.0 = Debug|Any CPU
		{9A71B0FF-5451-4F1B-8D45-E0005E55E3DC}.Debug|Any CPU.Deploy.0 = Debug|Any CPU
		{9A71B0FF-5451-4F1B-8D45-E0005E55E3DC}.Debug|iPhone.ActiveCfg = Debug|Any CPU
		{9A71B0FF-5451-4F1B-8D45-E0005E55E3DC}.Debug|iPhone.Build.0 = Debug|Any CPU
		{9A71B0FF-5451-4F1B-8D45-E0005E55E3DC}.Debug|iPhone.Deploy.0 = Debug|Any CPU
		{9A71B0FF-5451-4F1B-8D45-E0005E55E3DC}.Debug|iPhoneSimulator.ActiveCfg = Debug|Any CPU
		{9A71B0FF-5451-4F1B-8D45-E0005E55E3DC}.Debug|iPhoneSimulator.Build.0 = Debug|Any CPU
		{9A71B0FF-5451-4F1B-8D45-E0005E55E3DC}.Debug|iPhoneSimulator.Deploy.0 = Debug|Any CPU
		{9A71B0FF-5451-4F1B-8D45-E0005E55E3DC}.Release|Any CPU.ActiveCfg = Release|Any CPU
		{9A71B0FF-5451-4F1B-8D45-E0005E55E3DC}.Release|Any CPU.Build.0 = Release|Any CPU
		{9A71B0FF-5451-4F1B-8D45-E0005E55E3DC}.Release|Any CPU.Deploy.0 = Release|Any CPU
		{9A71B0FF-5451-4F1B-8D45-E0005E55E3DC}.Release|iPhone.ActiveCfg = Release|Any CPU
		{9A71B0FF-5451-4F1B-8D45-E0005E55E3DC}.Release|iPhone.Build.0 = Release|Any CPU
		{9A71B0FF-5451-4F1B-8D45-E0005E55E3DC}.Release|iPhone.Deploy.0 = Release|Any CPU
		{9A71B0FF-5451-4F1B-8D45-E0005E55E3DC}.Release|iPhoneSimulator.ActiveCfg = Release|Any CPU
		{9A71B0FF-5451-4F1B-8D45-E0005E55E3DC}.Release|iPhoneSimulator.Build.0 = Release|Any CPU
		{9A71B0FF-5451-4F1B-8D45-E0005E55E3DC}.Release|iPhoneSimulator.Deploy.0 = Release|Any CPU
	EndGlobalSection
	GlobalSection(SolutionProperties) = preSolution
		HideSolutionNode = FALSE
	EndGlobalSection
	GlobalSection(ExtensibilityGlobals) = postSolution
		SolutionGuid = {FDCD5146-6F53-4CA4-B07B-6CABD4526FC9}
	EndGlobalSection
EndGlobal
